github.com/joho/godotenv v1.5.1 h1:7eLL/+HRGLY0ldzfGMeQkb7vMd0as4CfYvUVzLqw0N0=
github.com/joho/godotenv v1.5.1/go.mod h1:f4LDr5Voq0i2e/R5DDNOoa2zzDfwtkZa6DnEwAbqwq4=
gopkg.in/dnaeon/go-vcr.v4 v4.0.6 h1:PiJkrakkmzc5s7EfBnZOnyiLwi7o7A9fwPzN0X2uwe0=
gopkg.in/dnaeon/go-vcr.v4 v4.0.6/go.mod h1:sbq5oMEcM4PXngbcNbHhzfCP9OdZodLhrbRYoyg09HY=
